# This file is automatically @generated by Poetry 1.5.1 and should not be changed by hand.

[[package]]
name = "black"
version = "22.12.0"
description = "The uncompromising code formatter."
optional = false
python-versions = ">=3.7"
files = [
    {file = "black-22.12.0-cp310-cp310-manylinux_2_17_x86_64.manylinux2014_x86_64.whl", hash = "sha256:9eedd20838bd5d75b80c9f5487dbcb06836a43833a37846cf1d8c1cc01cef59d"},
    {file = "black-22.12.0-cp310-cp310-win_amd64.whl", hash = "sha256:159a46a4947f73387b4d83e87ea006dbb2337eab6c879620a3ba52699b1f4351"},
    {file = "black-22.12.0-cp311-cp311-manylinux_2_17_x86_64.manylinux2014_x86_64.whl", hash = "sha256:d30b212bffeb1e252b31dd269dfae69dd17e06d92b87ad26e23890f3efea366f"},
    {file = "black-22.12.0-cp311-cp311-win_amd64.whl", hash = "sha256:7412e75863aa5c5411886804678b7d083c7c28421210180d67dfd8cf1221e1f4"},
    {file = "black-22.12.0-cp37-cp37m-manylinux_2_17_x86_64.manylinux2014_x86_64.whl", hash = "sha256:c116eed0efb9ff870ded8b62fe9f28dd61ef6e9ddd28d83d7d264a38417dcee2"},
    {file = "black-22.12.0-cp37-cp37m-win_amd64.whl", hash = "sha256:1f58cbe16dfe8c12b7434e50ff889fa479072096d79f0a7f25e4ab8e94cd8350"},
    {file = "black-22.12.0-cp38-cp38-manylinux_2_17_x86_64.manylinux2014_x86_64.whl", hash = "sha256:77d86c9f3db9b1bf6761244bc0b3572a546f5fe37917a044e02f3166d5aafa7d"},
    {file = "black-22.12.0-cp38-cp38-win_amd64.whl", hash = "sha256:82d9fe8fee3401e02e79767016b4907820a7dc28d70d137eb397b92ef3cc5bfc"},
    {file = "black-22.12.0-cp39-cp39-manylinux_2_17_x86_64.manylinux2014_x86_64.whl", hash = "sha256:101c69b23df9b44247bd88e1d7e90154336ac4992502d4197bdac35dd7ee3320"},
    {file = "black-22.12.0-cp39-cp39-win_amd64.whl", hash = "sha256:559c7a1ba9a006226f09e4916060982fd27334ae1998e7a38b3f33a37f7a2148"},
    {file = "black-22.12.0-py3-none-any.whl", hash = "sha256:436cc9167dd28040ad90d3b404aec22cedf24a6e4d7de221bec2730ec0c97bcf"},
    {file = "black-22.12.0.tar.gz", hash = "sha256:229351e5a18ca30f447bf724d007f890f97e13af070bb6ad4c0a441cd7596a2f"},
]

[package.dependencies]
click = ">=8.0.0"
mypy-extensions = ">=0.4.3"
pathspec = ">=0.9.0"
platformdirs = ">=2"
tomli = {version = ">=1.1.0", markers = "python_full_version < \"3.11.0a7\""}

[package.extras]
colorama = ["colorama (>=0.4.3)"]
d = ["aiohttp (>=3.7.4)"]
jupyter = ["ipython (>=7.8.0)", "tokenize-rt (>=3.2.0)"]
uvloop = ["uvloop (>=0.15.2)"]

[[package]]
name = "click"
version = "8.1.3"
description = "Composable command line interface toolkit"
optional = false
python-versions = ">=3.7"
files = [
    {file = "click-8.1.3-py3-none-any.whl", hash = "sha256:bb4d8133cb15a609f44e8213d9b391b0809795062913b383c62be0ee95b1db48"},
    {file = "click-8.1.3.tar.gz", hash = "sha256:7682dc8afb30297001674575ea00d1814d808d6a36af415a82bd481d37ba7b8e"},
]

[package.dependencies]
colorama = {version = "*", markers = "platform_system == \"Windows\""}

[[package]]
name = "colorama"
version = "0.4.6"
description = "Cross-platform colored terminal text."
optional = false
python-versions = "!=3.0.*,!=3.1.*,!=3.2.*,!=3.3.*,!=3.4.*,!=3.5.*,!=3.6.*,>=2.7"
files = [
    {file = "colorama-0.4.6-py2.py3-none-any.whl", hash = "sha256:4f1d9991f5acc0ca119f9d443620b77f9d6b33703e51011c16baf57afb285fc6"},
    {file = "colorama-0.4.6.tar.gz", hash = "sha256:08695f5cb7ed6e0531a20572697297273c47b8cae5a63ffc6d6ed5c201be6e44"},
]

[[package]]
name = "exceptiongroup"
version = "1.1.1"
description = "Backport of PEP 654 (exception groups)"
optional = false
python-versions = ">=3.7"
files = [
    {file = "exceptiongroup-1.1.1-py3-none-any.whl", hash = "sha256:232c37c63e4f682982c8b6459f33a8981039e5fb8756b2074364e5055c498c9e"},
    {file = "exceptiongroup-1.1.1.tar.gz", hash = "sha256:d484c3090ba2889ae2928419117447a14daf3c1231d5e30d0aae34f354f01785"},
]

[package.extras]
test = ["pytest (>=6)"]

[[package]]
name = "iniconfig"
version = "2.0.0"
description = "brain-dead simple config-ini parsing"
optional = false
python-versions = ">=3.7"
files = [
    {file = "iniconfig-2.0.0-py3-none-any.whl", hash = "sha256:b6a85871a79d2e3b22d2d1b94ac2824226a63c6b741c88f7ae975f18b6778374"},
    {file = "iniconfig-2.0.0.tar.gz", hash = "sha256:2d91e135bf72d31a410b17c16da610a82cb55f6b0477d1a902134b24a455b8b3"},
]

[[package]]
name = "lxml"
version = "5.1.0"
description = "Powerful and Pythonic XML processing library combining libxml2/libxslt with the ElementTree API."
optional = false
python-versions = ">=3.6"
files = [
    {file = "lxml-5.1.0-cp310-cp310-macosx_10_9_universal2.whl", hash = "sha256:704f5572ff473a5f897745abebc6df40f22d4133c1e0a1f124e4f2bd3330ff7e"},
    {file = "lxml-5.1.0-cp310-cp310-macosx_10_9_x86_64.whl", hash = "sha256:9d3c0f8567ffe7502d969c2c1b809892dc793b5d0665f602aad19895f8d508da"},
    {file = "lxml-5.1.0-cp310-cp310-macosx_11_0_arm64.whl", hash = "sha256:5fcfbebdb0c5d8d18b84118842f31965d59ee3e66996ac842e21f957eb76138c"},
    {file = "lxml-5.1.0-cp310-cp310-manylinux_2_12_i686.manylinux2010_i686.manylinux_2_17_i686.manylinux2014_i686.whl", hash = "sha256:2f37c6d7106a9d6f0708d4e164b707037b7380fcd0b04c5bd9cae1fb46a856fb"},
    {file = "lxml-5.1.0-cp310-cp310-manylinux_2_17_aarch64.manylinux2014_aarch64.whl", hash = "sha256:2befa20a13f1a75c751f47e00929fb3433d67eb9923c2c0b364de449121f447c"},
    {file = "lxml-5.1.0-cp310-cp310-manylinux_2_17_x86_64.manylinux2014_x86_64.whl", hash = "sha256:22b7ee4c35f374e2c20337a95502057964d7e35b996b1c667b5c65c567d2252a"},
    {file = "lxml-5.1.0-cp310-cp310-musllinux_1_1_aarch64.whl", hash = "sha256:bf8443781533b8d37b295016a4b53c1494fa9a03573c09ca5104550c138d5c05"},
    {file = "lxml-5.1.0-cp310-cp310-musllinux_1_1_x86_64.whl", hash = "sha256:82bddf0e72cb2af3cbba7cec1d2fd11fda0de6be8f4492223d4a268713ef2147"},
    {file = "lxml-5.1.0-cp310-cp310-win32.whl", hash = "sha256:b66aa6357b265670bb574f050ffceefb98549c721cf28351b748be1ef9577d93"},
    {file = "lxml-5.1.0-cp310-cp310-win_amd64.whl", hash = "sha256:4946e7f59b7b6a9e27bef34422f645e9a368cb2be11bf1ef3cafc39a1f6ba68d"},
    {file = "lxml-5.1.0-cp311-cp311-macosx_10_9_universal2.whl", hash = "sha256:14deca1460b4b0f6b01f1ddc9557704e8b365f55c63070463f6c18619ebf964f"},
    {file = "lxml-5.1.0-cp311-cp311-macosx_10_9_x86_64.whl", hash = "sha256:ed8c3d2cd329bf779b7ed38db176738f3f8be637bb395ce9629fc76f78afe3d4"},
    {file = "lxml-5.1.0-cp311-cp311-macosx_11_0_arm64.whl", hash = "sha256:436a943c2900bb98123b06437cdd30580a61340fbdb7b28aaf345a459c19046a"},
    {file = "lxml-5.1.0-cp311-cp311-manylinux_2_12_i686.manylinux2010_i686.manylinux_2_17_i686.manylinux2014_i686.whl", hash = "sha256:acb6b2f96f60f70e7f34efe0c3ea34ca63f19ca63ce90019c6cbca6b676e81fa"},
    {file = "lxml-5.1.0-cp311-cp311-manylinux_2_17_aarch64.manylinux2014_aarch64.whl", hash = "sha256:af8920ce4a55ff41167ddbc20077f5698c2e710ad3353d32a07d3264f3a2021e"},
    {file = "lxml-5.1.0-cp311-cp311-manylinux_2_17_x86_64.manylinux2014_x86_64.whl", hash = "sha256:7cfced4a069003d8913408e10ca8ed092c49a7f6cefee9bb74b6b3e860683b45"},
    {file = "lxml-5.1.0-cp311-cp311-musllinux_1_1_aarch64.whl", hash = "sha256:9e5ac3437746189a9b4121db2a7b86056ac8786b12e88838696899328fc44bb2"},
    {file = "lxml-5.1.0-cp311-cp311-musllinux_1_1_x86_64.whl", hash = "sha256:f4c9bda132ad108b387c33fabfea47866af87f4ea6ffb79418004f0521e63204"},
    {file = "lxml-5.1.0-cp311-cp311-win32.whl", hash = "sha256:bc64d1b1dab08f679fb89c368f4c05693f58a9faf744c4d390d7ed1d8223869b"},
    {file = "lxml-5.1.0-cp311-cp311-win_amd64.whl", hash = "sha256:a5ab722ae5a873d8dcee1f5f45ddd93c34210aed44ff2dc643b5025981908cda"},
    {file = "lxml-5.1.0-cp312-cp312-macosx_10_9_universal2.whl", hash = "sha256:9aa543980ab1fbf1720969af1d99095a548ea42e00361e727c58a40832439114"},
    {file = "lxml-5.1.0-cp312-cp312-macosx_10_9_x86_64.whl", hash = "sha256:6f11b77ec0979f7e4dc5ae081325a2946f1fe424148d3945f943ceaede98adb8"},
    {file = "lxml-5.1.0-cp312-cp312-macosx_11_0_arm64.whl", hash = "sha256:a36c506e5f8aeb40680491d39ed94670487ce6614b9d27cabe45d94cd5d63e1e"},
    {file = "lxml-5.1.0-cp312-cp312-manylinux_2_12_i686.manylinux2010_i686.manylinux_2_17_i686.manylinux2014_i686.whl", hash = "sha256:f643ffd2669ffd4b5a3e9b41c909b72b2a1d5e4915da90a77e119b8d48ce867a"},
    {file = "lxml-5.1.0-cp312-cp312-manylinux_2_17_aarch64.manylinux2014_aarch64.whl", hash = "sha256:16dd953fb719f0ffc5bc067428fc9e88f599e15723a85618c45847c96f11f431"},
    {file = "lxml-5.1.0-cp312-cp312-manylinux_2_17_x86_64.manylinux2014_x86_64.whl", hash = "sha256:16018f7099245157564d7148165132c70adb272fb5a17c048ba70d9cc542a1a1"},
    {file = "lxml-5.1.0-cp312-cp312-musllinux_1_1_aarch64.whl", hash = "sha256:82cd34f1081ae4ea2ede3d52f71b7be313756e99b4b5f829f89b12da552d3aa3"},
    {file = "lxml-5.1.0-cp312-cp312-musllinux_1_1_x86_64.whl", hash = "sha256:19a1bc898ae9f06bccb7c3e1dfd73897ecbbd2c96afe9095a6026016e5ca97b8"},
    {file = "lxml-5.1.0-cp312-cp312-win32.whl", hash = "sha256:13521a321a25c641b9ea127ef478b580b5ec82aa2e9fc076c86169d161798b01"},
    {file = "lxml-5.1.0-cp312-cp312-win_amd64.whl", hash = "sha256:1ad17c20e3666c035db502c78b86e58ff6b5991906e55bdbef94977700c72623"},
    {file = "lxml-5.1.0-cp36-cp36m-macosx_10_9_x86_64.whl", hash = "sha256:24ef5a4631c0b6cceaf2dbca21687e29725b7c4e171f33a8f8ce23c12558ded1"},
    {file = "lxml-5.1.0-cp36-cp36m-manylinux_2_12_i686.manylinux2010_i686.manylinux_2_17_i686.manylinux2014_i686.whl", hash = "sha256:8d2900b7f5318bc7ad8631d3d40190b95ef2aa8cc59473b73b294e4a55e9f30f"},
    {file = "lxml-5.1.0-cp36-cp36m-manylinux_2_17_aarch64.manylinux2014_aarch64.whl", hash = "sha256:601f4a75797d7a770daed8b42b97cd1bb1ba18bd51a9382077a6a247a12aa38d"},
    {file = "lxml-5.1.0-cp36-cp36m-manylinux_2_17_x86_64.manylinux2014_x86_64.whl", hash = "sha256:b4b68c961b5cc402cbd99cca5eb2547e46ce77260eb705f4d117fd9c3f932b95"},
    {file = "lxml-5.1.0-cp36-cp36m-musllinux_1_1_aarch64.whl", hash = "sha256:afd825e30f8d1f521713a5669b63657bcfe5980a916c95855060048b88e1adb7"},
    {file = "lxml-5.1.0-cp36-cp36m-musllinux_1_1_x86_64.whl", hash = "sha256:262bc5f512a66b527d026518507e78c2f9c2bd9eb5c8aeeb9f0eb43fcb69dc67"},
    {file = "lxml-5.1.0-cp36-cp36m-win32.whl", hash = "sha256:e856c1c7255c739434489ec9c8aa9cdf5179785d10ff20add308b5d673bed5cd"},
    {file = "lxml-5.1.0-cp36-cp36m-win_amd64.whl", hash = "sha256:c7257171bb8d4432fe9d6fdde4d55fdbe663a63636a17f7f9aaba9bcb3153ad7"},
    {file = "lxml-5.1.0-cp37-cp37m-macosx_10_9_x86_64.whl", hash = "sha256:b9e240ae0ba96477682aa87899d94ddec1cc7926f9df29b1dd57b39e797d5ab5"},
    {file = "lxml-5.1.0-cp37-cp37m-manylinux_2_12_i686.manylinux2010_i686.manylinux_2_17_i686.manylinux2014_i686.whl", hash = "sha256:a96f02ba1bcd330807fc060ed91d1f7a20853da6dd449e5da4b09bfcc08fdcf5"},
    {file = "lxml-5.1.0-cp37-cp37m-manylinux_2_17_aarch64.manylinux2014_aarch64.whl", hash = "sha256:3e3898ae2b58eeafedfe99e542a17859017d72d7f6a63de0f04f99c2cb125936"},
    {file = "lxml-5.1.0-cp37-cp37m-manylinux_2_17_x86_64.manylinux2014_x86_64.whl", hash = "sha256:61c5a7edbd7c695e54fca029ceb351fc45cd8860119a0f83e48be44e1c464862"},
    {file = "lxml-5.1.0-cp37-cp37m-musllinux_1_1_aarch64.whl", hash = "sha256:3aeca824b38ca78d9ee2ab82bd9883083d0492d9d17df065ba3b94e88e4d7ee6"},
    {file = "lxml-5.1.0-cp37-cp37m-musllinux_1_1_x86_64.whl", hash = "sha256:8f52fe6859b9db71ee609b0c0a70fea5f1e71c3462ecf144ca800d3f434f0764"},
    {file = "lxml-5.1.0-cp37-cp37m-win32.whl", hash = "sha256:d42e3a3fc18acc88b838efded0e6ec3edf3e328a58c68fbd36a7263a874906c8"},
    {file = "lxml-5.1.0-cp37-cp37m-win_amd64.whl", hash = "sha256:eac68f96539b32fce2c9b47eb7c25bb2582bdaf1bbb360d25f564ee9e04c542b"},
    {file = "lxml-5.1.0-cp38-cp38-macosx_10_9_universal2.whl", hash = "sha256:ae15347a88cf8af0949a9872b57a320d2605ae069bcdf047677318bc0bba45b1"},
    {file = "lxml-5.1.0-cp38-cp38-macosx_10_9_x86_64.whl", hash = "sha256:c26aab6ea9c54d3bed716b8851c8bfc40cb249b8e9880e250d1eddde9f709bf5"},
    {file = "lxml-5.1.0-cp38-cp38-manylinux_2_12_i686.manylinux2010_i686.manylinux_2_17_i686.manylinux2014_i686.whl", hash = "sha256:342e95bddec3a698ac24378d61996b3ee5ba9acfeb253986002ac53c9a5f6f84"},
    {file = "lxml-5.1.0-cp38-cp38-manylinux_2_17_aarch64.manylinux2014_aarch64.whl", hash = "sha256:725e171e0b99a66ec8605ac77fa12239dbe061482ac854d25720e2294652eeaa"},
    {file = "lxml-5.1.0-cp38-cp38-manylinux_2_17_x86_64.manylinux2014_x86_64.whl", hash = "sha256:3d184e0d5c918cff04cdde9dbdf9600e960161d773666958c9d7b565ccc60c45"},
    {file = "lxml-5.1.0-cp38-cp38-musllinux_1_1_aarch64.whl", hash = "sha256:98f3f020a2b736566c707c8e034945c02aa94e124c24f77ca097c446f81b01f1"},
    {file = "lxml-5.1.0-cp38-cp38-musllinux_1_1_x86_64.whl", hash = "sha256:6d48fc57e7c1e3df57be5ae8614bab6d4e7b60f65c5457915c26892c41afc59e"},
    {file = "lxml-5.1.0-cp38-cp38-win32.whl", hash = "sha256:7ec465e6549ed97e9f1e5ed51c657c9ede767bc1c11552f7f4d022c4df4a977a"},
    {file = "lxml-5.1.0-cp38-cp38-win_amd64.whl", hash = "sha256:b21b4031b53d25b0858d4e124f2f9131ffc1530431c6d1321805c90da78388d1"},
    {file = "lxml-5.1.0-cp39-cp39-macosx_10_9_universal2.whl", hash = "sha256:52427a7eadc98f9e62cb1368a5079ae826f94f05755d2d567d93ee1bc3ceb354"},
    {file = "lxml-5.1.0-cp39-cp39-macosx_10_9_x86_64.whl", hash = "sha256:6a2a2c724d97c1eb8cf966b16ca2915566a4904b9aad2ed9a09c748ffe14f969"},
    {file = "lxml-5.1.0-cp39-cp39-macosx_11_0_arm64.whl", hash = "sha256:843b9c835580d52828d8f69ea4302537337a21e6b4f1ec711a52241ba4a824f3"},
    {file = "lxml-5.1.0-cp39-cp39-manylinux_2_12_i686.manylinux2010_i686.manylinux_2_17_i686.manylinux2014_i686.whl", hash = "sha256:9b99f564659cfa704a2dd82d0684207b1aadf7d02d33e54845f9fc78e06b7581"},
    {file = "lxml-5.1.0-cp39-cp39-manylinux_2_17_aarch64.manylinux2014_aarch64.whl", hash = "sha256:4f8b0c78e7aac24979ef09b7f50da871c2de2def043d468c4b41f512d831e912"},
    {file = "lxml-5.1.0-cp39-cp39-manylinux_2_17_x86_64.manylinux2014_x86_64.whl", hash = "sha256:9bcf86dfc8ff3e992fed847c077bd875d9e0ba2fa25d859c3a0f0f76f07f0c8d"},
    {file = "lxml-5.1.0-cp39-cp39-musllinux_1_1_aarch64.whl", hash = "sha256:49a9b4af45e8b925e1cd6f3b15bbba2c81e7dba6dce170c677c9cda547411e14"},
    {file = "lxml-5.1.0-cp39-cp39-musllinux_1_1_x86_64.whl", hash = "sha256:280f3edf15c2a967d923bcfb1f8f15337ad36f93525828b40a0f9d6c2ad24890"},
    {file = "lxml-5.1.0-cp39-cp39-win32.whl", hash = "sha256:ed7326563024b6e91fef6b6c7a1a2ff0a71b97793ac33dbbcf38f6005e51ff6e"},
    {file = "lxml-5.1.0-cp39-cp39-win_amd64.whl", hash = "sha256:8d7b4beebb178e9183138f552238f7e6613162a42164233e2bda00cb3afac58f"},
    {file = "lxml-5.1.0-pp310-pypy310_pp73-macosx_10_9_x86_64.whl", hash = "sha256:9bd0ae7cc2b85320abd5e0abad5ccee5564ed5f0cc90245d2f9a8ef330a8deae"},
    {file = "lxml-5.1.0-pp310-pypy310_pp73-manylinux_2_17_x86_64.manylinux2014_x86_64.whl", hash = "sha256:d8c1d679df4361408b628f42b26a5d62bd3e9ba7f0c0e7969f925021554755aa"},
    {file = "lxml-5.1.0-pp310-pypy310_pp73-win_amd64.whl", hash = "sha256:2ad3a8ce9e8a767131061a22cd28fdffa3cd2dc193f399ff7b81777f3520e372"},
    {file = "lxml-5.1.0-pp37-pypy37_pp73-macosx_10_9_x86_64.whl", hash = "sha256:304128394c9c22b6569eba2a6d98392b56fbdfbad58f83ea702530be80d0f9df"},
    {file = "lxml-5.1.0-pp37-pypy37_pp73-manylinux_2_17_x86_64.manylinux2014_x86_64.whl", hash = "sha256:d74fcaf87132ffc0447b3c685a9f862ffb5b43e70ea6beec2fb8057d5d2a1fea"},
    {file = "lxml-5.1.0-pp37-pypy37_pp73-win_amd64.whl", hash = "sha256:8cf5877f7ed384dabfdcc37922c3191bf27e55b498fecece9fd5c2c7aaa34c33"},
    {file = "lxml-5.1.0-pp38-pypy38_pp73-macosx_10_9_x86_64.whl", hash = "sha256:877efb968c3d7eb2dad540b6cabf2f1d3c0fbf4b2d309a3c141f79c7e0061324"},
    {file = "lxml-5.1.0-pp38-pypy38_pp73-manylinux_2_17_x86_64.manylinux2014_x86_64.whl", hash = "sha256:3f14a4fb1c1c402a22e6a341a24c1341b4a3def81b41cd354386dcb795f83897"},
    {file = "lxml-5.1.0-pp38-pypy38_pp73-win_amd64.whl", hash = "sha256:25663d6e99659544ee8fe1b89b1a8c0aaa5e34b103fab124b17fa958c4a324a6"},
    {file = "lxml-5.1.0-pp39-pypy39_pp73-macosx_10_9_x86_64.whl", hash = "sha256:8b9f19df998761babaa7f09e6bc169294eefafd6149aaa272081cbddc7ba4ca3"},
    {file = "lxml-5.1.0-pp39-pypy39_pp73-manylinux_2_17_x86_64.manylinux2014_x86_64.whl", hash = "sha256:5e53d7e6a98b64fe54775d23a7c669763451340c3d44ad5e3a3b48a1efbdc96f"},
    {file = "lxml-5.1.0-pp39-pypy39_pp73-win_amd64.whl", hash = "sha256:c3cd1fc1dc7c376c54440aeaaa0dcc803d2126732ff5c6b68ccd619f2e64be4f"},
    {file = "lxml-5.1.0.tar.gz", hash = "sha256:3eea6ed6e6c918e468e693c41ef07f3c3acc310b70ddd9cc72d9ef84bc9564ca"},
]

[package.extras]
cssselect = ["cssselect (>=0.7)"]
html5 = ["html5lib"]
htmlsoup = ["BeautifulSoup4"]
source = ["Cython (>=3.0.7)"]

[[package]]
name = "mypy-extensions"
version = "1.0.0"
description = "Type system extensions for programs checked with the mypy type checker."
optional = false
python-versions = ">=3.5"
files = [
    {file = "mypy_extensions-1.0.0-py3-none-any.whl", hash = "sha256:4392f6c0eb8a5668a69e23d168ffa70f0be9ccfd32b5cc2d26a34ae5b844552d"},
    {file = "mypy_extensions-1.0.0.tar.gz", hash = "sha256:75dbf8955dc00442a438fc4d0666508a9a97b6bd41aa2f0ffe9d2f2725af0782"},
]

[[package]]
name = "packaging"
version = "23.1"
description = "Core utilities for Python packages"
optional = false
python-versions = ">=3.7"
files = [
    {file = "packaging-23.1-py3-none-any.whl", hash = "sha256:994793af429502c4ea2ebf6bf664629d07c1a9fe974af92966e4b8d2df7edc61"},
    {file = "packaging-23.1.tar.gz", hash = "sha256:a392980d2b6cffa644431898be54b0045151319d1e7ec34f0cfed48767dd334f"},
]

[[package]]
name = "pathspec"
version = "0.11.1"
description = "Utility library for gitignore style pattern matching of file paths."
optional = false
python-versions = ">=3.7"
files = [
    {file = "pathspec-0.11.1-py3-none-any.whl", hash = "sha256:d8af70af76652554bd134c22b3e8a1cc46ed7d91edcdd721ef1a0c51a84a5293"},
    {file = "pathspec-0.11.1.tar.gz", hash = "sha256:2798de800fa92780e33acca925945e9a19a133b715067cf165b8866c15a31687"},
]

[[package]]
name = "platformdirs"
version = "3.5.0"
description = "A small Python package for determining appropriate platform-specific dirs, e.g. a \"user data dir\"."
optional = false
python-versions = ">=3.7"
files = [
    {file = "platformdirs-3.5.0-py3-none-any.whl", hash = "sha256:47692bc24c1958e8b0f13dd727307cff1db103fca36399f457da8e05f222fdc4"},
    {file = "platformdirs-3.5.0.tar.gz", hash = "sha256:7954a68d0ba23558d753f73437c55f89027cf8f5108c19844d4b82e5af396335"},
]

[package.extras]
docs = ["furo (>=2023.3.27)", "proselint (>=0.13)", "sphinx (>=6.1.3)", "sphinx-autodoc-typehints (>=1.23,!=1.23.4)"]
test = ["appdirs (==1.4.4)", "covdefaults (>=2.3)", "pytest (>=7.3.1)", "pytest-cov (>=4)", "pytest-mock (>=3.10)"]

[[package]]
name = "pluggy"
version = "1.0.0"
description = "plugin and hook calling mechanisms for python"
optional = false
python-versions = ">=3.6"
files = [
    {file = "pluggy-1.0.0-py2.py3-none-any.whl", hash = "sha256:74134bbf457f031a36d68416e1509f34bd5ccc019f0bcc952c7b909d06b37bd3"},
    {file = "pluggy-1.0.0.tar.gz", hash = "sha256:4224373bacce55f955a878bf9cfa763c1e360858e330072059e10bad68531159"},
]

[package.extras]
dev = ["pre-commit", "tox"]
testing = ["pytest", "pytest-benchmark"]

[[package]]
name = "pytest"
version = "7.3.1"
description = "pytest: simple powerful testing with Python"
optional = false
python-versions = ">=3.7"
files = [
    {file = "pytest-7.3.1-py3-none-any.whl", hash = "sha256:3799fa815351fea3a5e96ac7e503a96fa51cc9942c3753cda7651b93c1cfa362"},
    {file = "pytest-7.3.1.tar.gz", hash = "sha256:434afafd78b1d78ed0addf160ad2b77a30d35d4bdf8af234fe621919d9ed15e3"},
]

[package.dependencies]
colorama = {version = "*", markers = "sys_platform == \"win32\""}
exceptiongroup = {version = ">=1.0.0rc8", markers = "python_version < \"3.11\""}
iniconfig = "*"
packaging = "*"
pluggy = ">=0.12,<2.0"
tomli = {version = ">=1.0.0", markers = "python_version < \"3.11\""}

[package.extras]
testing = ["argcomplete", "attrs (>=19.2.0)", "hypothesis (>=3.56)", "mock", "nose", "pygments (>=2.7.2)", "requests", "xmlschema"]

[[package]]
name = "tomli"
version = "2.0.1"
description = "A lil' TOML parser"
optional = false
python-versions = ">=3.7"
files = [
    {file = "tomli-2.0.1-py3-none-any.whl", hash = "sha256:939de3e7a6161af0c887ef91b7d41a53e7c5a1ca976325f429cb46ea9bc30ecc"},
    {file = "tomli-2.0.1.tar.gz", hash = "sha256:de526c12914f0c550d15924c62d72abc48d6fe7364aa87328337a31007fe8a4f"},
]

[metadata]
lock-version = "2.0"
python-versions = "^3.10"
content-hash = "2a3b73d63b76c2881df21114f3111b5fd5e94dbb8e9ddf534d42d0125fbef624"
